
Microsoft Visual Studio Solution File, Format Version 12.00
# Visual Studio Version 16
VisualStudioVersion = 16.0.29806.167
MinimumVisualStudioVersion = 10.0.40219.1
Project("{FAE04EC0-301F-11D3-BF4B-00C04F79EFBC}") = "WebApplication_serverData", "WebApplication_serverData.csproj", "{54E602B1-92AF-4D41-B353-B0BD57E4781D}"
EndProject
Project("{FAE04EC0-301F-11D3-BF4B-00C04F79EFBC}") = "WebApplication_serverData.Tests", "..\WebApplication_serverData.Tests\WebApplication_serverData.Tests.csproj", "{4A9E43A8-3A95-41CE-AEB9-E6B473BCE0B9}"
EndProject
Global
	GlobalSection(SolutionConfigurationPlatforms) = preSolution
		Debug|Any CPU = Debug|Any CPU
		Release|Any CPU = Release|Any CPU
	EndGlobalSection
	GlobalSection(ProjectConfigurationPlatforms) = postSolution
		{54E602B1-92AF-4D41-B353-B0BD57E4781D}.Debug|Any CPU.ActiveCfg = Debug|Any CPU
		{54E602B1-92AF-4D41-B353-B0BD57E4781D}.Debug|Any CPU.Build.0 = Debug|Any CPU
		{54E602B1-92AF-4D41-B353-B0BD57E4781D}.Release|Any CPU.ActiveCfg = Release|Any CPU
		{54E602B1-92AF-4D41-B353-B0BD57E4781D}.Release|Any CPU.Build.0 = Release|Any CPU
		{4A9E43A8-3A95-41CE-AEB9-E6B473BCE0B9}.Debug|Any CPU.ActiveCfg = Debug|Any CPU
		{4A9E43A8-3A95-41CE-AEB9-E6B473BCE0B9}.Debug|Any CPU.Build.0 = Debug|Any CPU
		{4A9E43A8-3A95-41CE-AEB9-E6B473BCE0B9}.Release|Any CPU.ActiveCfg = Release|Any CPU
		{4A9E43A8-3A95-41CE-AEB9-E6B473BCE0B9}.Release|Any CPU.Build.0 = Release|Any CPU
	EndGlobalSection
	GlobalSection(SolutionProperties) = preSolution
		HideSolutionNode = FALSE
	EndGlobalSection
	GlobalSection(ExtensibilityGlobals) = postSolution
		SolutionGuid = {5964BCE1-BF9A-445D-9448-E9FAD851F50C}
	EndGlobalSection
EndGlobal
